
Microsoft Visual Studio Solution File, Format Version 12.00
# Visual Studio 15
VisualStudioVersion = 15.0.28010.2016
MinimumVisualStudioVersion = 10.0.40219.1
Project("{FAE04EC0-301F-11D3-BF4B-00C04F79EFBC}") = "jseppa1b1", "jseppa1b1\jseppa1b1.csproj", "{987C366D-A72E-4B3F-BE0E-DC9D06366ADD}"
EndProject
Project("{FAE04EC0-301F-11D3-BF4B-00C04F79EFBC}") = "jseppa1c1", "jseppa1c1\jseppa1c1.csproj", "{312EB3DA-7819-4B9E-A1DA-1C49C4A56BA7}"
EndProject
Project("{FAE04EC0-301F-11D3-BF4B-00C04F79EFBC}") = "jseppa1d1", "jseppa1d1\jseppa1d1.csproj", "{69FC411C-DCE2-4EFD-A618-BE316013B4C3}"
EndProject
Project("{FAE04EC0-301F-11D3-BF4B-00C04F79EFBC}") = "jseppa1e1", "jseppa1e1\jseppa1e1.csproj", "{2F50EE05-8BFE-4F69-824C-B7EE86CACB7E}"
EndProject
Project("{FAE04EC0-301F-11D3-BF4B-00C04F79EFBC}") = "jseppa1f1", "jseppa1f1\jseppa1f1.csproj", "{82919652-22D9-4FDF-A174-D2EAD5A14F1A}"
EndProject
Project("{FAE04EC0-301F-11D3-BF4B-00C04F79EFBC}") = "jseppa1g1", "jseppa1g1\jseppa1g1.csproj", "{60E88E34-7FBA-4111-821D-8DF3AD25B530}"
EndProject
Project("{FAE04EC0-301F-11D3-BF4B-00C04F79EFBC}") = "jseppa1c2.0", "jseppa1c2.0\jseppa1c2.0.csproj", "{F3484505-7CB4-4F24-B0D1-A63139EAC714}"
EndProject
Project("{FAE04EC0-301F-11D3-BF4B-00C04F79EFBC}") = "jseppa2a1", "jseppa2a1\jseppa2a1.csproj", "{013AC512-F3DF-4578-A56B-2363DEAEC85D}"
EndProject
Global
	GlobalSection(SolutionConfigurationPlatforms) = preSolution
		Debug|Any CPU = Debug|Any CPU
		Release|Any CPU = Release|Any CPU
	EndGlobalSection
	GlobalSection(ProjectConfigurationPlatforms) = postSolution
		{987C366D-A72E-4B3F-BE0E-DC9D06366ADD}.Debug|Any CPU.ActiveCfg = Debug|Any CPU
		{987C366D-A72E-4B3F-BE0E-DC9D06366ADD}.Debug|Any CPU.Build.0 = Debug|Any CPU
		{987C366D-A72E-4B3F-BE0E-DC9D06366ADD}.Release|Any CPU.ActiveCfg = Release|Any CPU
		{987C366D-A72E-4B3F-BE0E-DC9D06366ADD}.Release|Any CPU.Build.0 = Release|Any CPU
		{312EB3DA-7819-4B9E-A1DA-1C49C4A56BA7}.Debug|Any CPU.ActiveCfg = Debug|Any CPU
		{312EB3DA-7819-4B9E-A1DA-1C49C4A56BA7}.Debug|Any CPU.Build.0 = Debug|Any CPU
		{312EB3DA-7819-4B9E-A1DA-1C49C4A56BA7}.Release|Any CPU.ActiveCfg = Release|Any CPU
		{312EB3DA-7819-4B9E-A1DA-1C49C4A56BA7}.Release|Any CPU.Build.0 = Release|Any CPU
		{69FC411C-DCE2-4EFD-A618-BE316013B4C3}.Debug|Any CPU.ActiveCfg = Debug|Any CPU
		{69FC411C-DCE2-4EFD-A618-BE316013B4C3}.Debug|Any CPU.Build.0 = Debug|Any CPU
		{69FC411C-DCE2-4EFD-A618-BE316013B4C3}.Release|Any CPU.ActiveCfg = Release|Any CPU
		{69FC411C-DCE2-4EFD-A618-BE316013B4C3}.Release|Any CPU.Build.0 = Release|Any CPU
		{2F50EE05-8BFE-4F69-824C-B7EE86CACB7E}.Debug|Any CPU.ActiveCfg = Debug|Any CPU
		{2F50EE05-8BFE-4F69-824C-B7EE86CACB7E}.Debug|Any CPU.Build.0 = Debug|Any CPU
		{2F50EE05-8BFE-4F69-824C-B7EE86CACB7E}.Release|Any CPU.ActiveCfg = Release|Any CPU
		{2F50EE05-8BFE-4F69-824C-B7EE86CACB7E}.Release|Any CPU.Build.0 = Release|Any CPU
		{82919652-22D9-4FDF-A174-D2EAD5A14F1A}.Debug|Any CPU.ActiveCfg = Debug|Any CPU
		{82919652-22D9-4FDF-A174-D2EAD5A14F1A}.Debug|Any CPU.Build.0 = Debug|Any CPU
		{82919652-22D9-4FDF-A174-D2EAD5A14F1A}.Release|Any CPU.ActiveCfg = Release|Any CPU
		{82919652-22D9-4FDF-A174-D2EAD5A14F1A}.Release|Any CPU.Build.0 = Release|Any CPU
		{60E88E34-7FBA-4111-821D-8DF3AD25B530}.Debug|Any CPU.ActiveCfg = Debug|Any CPU
		{60E88E34-7FBA-4111-821D-8DF3AD25B530}.Debug|Any CPU.Build.0 = Debug|Any CPU
		{60E88E34-7FBA-4111-821D-8DF3AD25B530}.Release|Any CPU.ActiveCfg = Release|Any CPU
		{60E88E34-7FBA-4111-821D-8DF3AD25B530}.Release|Any CPU.Build.0 = Release|Any CPU
		{F3484505-7CB4-4F24-B0D1-A63139EAC714}.Debug|Any CPU.ActiveCfg = Debug|Any CPU
		{F3484505-7CB4-4F24-B0D1-A63139EAC714}.Debug|Any CPU.Build.0 = Debug|Any CPU
		{F3484505-7CB4-4F24-B0D1-A63139EAC714}.Release|Any CPU.ActiveCfg = Release|Any CPU
		{F3484505-7CB4-4F24-B0D1-A63139EAC714}.Release|Any CPU.Build.0 = Release|Any CPU
		{013AC512-F3DF-4578-A56B-2363DEAEC85D}.Debug|Any CPU.ActiveCfg = Debug|Any CPU
		{013AC512-F3DF-4578-A56B-2363DEAEC85D}.Debug|Any CPU.Build.0 = Debug|Any CPU
		{013AC512-F3DF-4578-A56B-2363DEAEC85D}.Release|Any CPU.ActiveCfg = Release|Any CPU
		{013AC512-F3DF-4578-A56B-2363DEAEC85D}.Release|Any CPU.Build.0 = Release|Any CPU
	EndGlobalSection
	GlobalSection(SolutionProperties) = preSolution
		HideSolutionNode = FALSE
	EndGlobalSection
	GlobalSection(ExtensibilityGlobals) = postSolution
		SolutionGuid = {1E713A6C-B74E-4F06-A9C7-4225099DEF48}
	EndGlobalSection
EndGlobal
